# This file is autogenerated, do not edit; changes may be undone by the next 'dep ensure'.


[[projects]]
  branch = "master"
  name = "code.cloudfoundry.org/bytefmt"
  packages = ["."]
  revision = "f4415fafc5619dd75599a54a7c91fb3948ad58bd"

[[projects]]
  branch = "master"
  name = "git.apache.org/thrift.git"
  packages = ["lib/go/thrift"]
  revision = "606f1ef31447526b908244933d5b716397a6bad8"

[[projects]]
  branch = "master"
  name = "github.com/armon/go-metrics"
  packages = [
    ".",
    "prometheus"
  ]
  revision = "7aa49fde808223f8dadfdbfd3a20ff6c19e5f9ec"

[[projects]]
  branch = "master"
  name = "github.com/beorn7/perks"
  packages = ["quantile"]
  revision = "4c0e84591b9aa9e6dcfdf3e020114cd81f89d5f9"

[[projects]]
  name = "github.com/blockcypher/gobcy"
  packages = ["."]
  revision = "6eace16b4b81ea8dbdcde5417d6b1cc3828a3d1f"
  version = "v1.3.1"

[[projects]]
  branch = "master"
  name = "github.com/btcsuite/btcd"
  packages = [
    "btcec",
    "chaincfg",
    "chaincfg/chainhash",
    "txscript",
    "wire"
  ]
  revision = "675abc5df3c5531bc741b56a765e35623459da6d"

[[projects]]
  branch = "master"
  name = "github.com/btcsuite/btclog"
  packages = ["."]
  revision = "84c8d2346e9fc8c7b947e243b9c24e6df9fd206a"

[[projects]]
  branch = "master"
  name = "github.com/btcsuite/btcutil"
  packages = [
    ".",
    "base58",
    "bech32"
  ]
  revision = "501929d3d046174c3d39f0ea54ece471aa17238c"

[[projects]]
  name = "github.com/c-bata/go-prompt"
  packages = ["."]
  revision = "c292a2f4b4fe8563883871456e19028ff9df0f26"
  version = "v0.1.1"

[[projects]]
  branch = "master"
  name = "github.com/chzyer/readline"
  packages = ["."]
  revision = "f6d7a1f6fbf35bbf9beb80dc63c56a29dcfb759f"

[[projects]]
  name = "github.com/coreos/etcd"
  packages = [
    "raft",
    "raft/raftpb"
  ]
  revision = "c23606781f63d09917a1e7abfcefeb337a9608ea"
  version = "v3.3.0"

[[projects]]
  name = "github.com/davecgh/go-spew"
  packages = ["spew"]
  revision = "346938d642f2ec3594ed81d874461961cd0faa76"
  version = "v1.1.0"

[[projects]]
  name = "github.com/fsnotify/fsnotify"
  packages = ["."]
  revision = "629574ca2a5df945712d3079857300b5e4da0236"
  version = "v1.4.2"

[[projects]]
  name = "github.com/gibson042/canonicaljson-go"
  packages = ["."]
  revision = "81f5327eb8367be6f106cd62f136b6f25b4c1678"
  version = "v1.0.3"

[[projects]]
  name = "github.com/gobwas/glob"
  packages = [
    ".",
    "compiler",
    "match",
    "syntax",
    "syntax/ast",
    "syntax/lexer",
    "util/runes",
    "util/strings"
  ]
  revision = "bea32b9cd2d6f55753d94a28e959b13f0244797a"
  version = "v0.2.2"

[[projects]]
  name = "github.com/gogo/protobuf"
  packages = [
    "gogoproto",
    "proto",
    "protoc-gen-gogo/descriptor",
    "sortkeys",
    "types"
  ]
  revision = "342cbe0a04158f6dcb03ca0079991a51a4248c02"
  version = "v0.5"

[[projects]]
  branch = "master"
  name = "github.com/golang/mock"
  packages = ["gomock"]
  revision = "b3e60bcdc577185fce3cf625fc96b62857ce5574"

[[projects]]
  branch = "master"
  name = "github.com/golang/protobuf"
  packages = [
    "jsonpb",
    "proto",
    "protoc-gen-go/descriptor",
    "ptypes",
    "ptypes/any",
    "ptypes/duration",
    "ptypes/struct",
    "ptypes/timestamp"
  ]
  revision = "1e59b77b52bf8e4b449a57e6f79f21226d571845"

[[projects]]
  branch = "master"
  name = "github.com/golang/snappy"
  packages = ["."]
  revision = "553a641470496b2327abcac10b36396bd98e45c9"

[[projects]]
  branch = "master"
  name = "github.com/hashicorp/go-immutable-radix"
  packages = ["."]
  revision = "8aac2701530899b64bdea735a1de8da899815220"

[[projects]]
  branch = "master"
  name = "github.com/hashicorp/golang-lru"
  packages = ["simplelru"]
  revision = "0a025b7e63adc15a622f29b0b2c4c3848243bbf6"

[[projects]]
  branch = "master"
  name = "github.com/hashicorp/hcl"
  packages = [
    ".",
    "hcl/ast",
    "hcl/parser",
    "hcl/scanner",
    "hcl/strconv",
    "hcl/token",
    "json/parser",
    "json/scanner",
    "json/token"
  ]
  revision = "23c074d0eceb2b8a5bfdbb271ab780cde70f05a8"

[[projects]]
  name = "github.com/hpcloud/tail"
  packages = [
    ".",
    "ratelimiter",
    "util",
    "watch",
    "winfile"
  ]
  revision = "000912af8de2d2b9d184786b4cf4c3542b7884e5"
  source = "https://github.com/vsco/tail.git"

[[projects]]
  name = "github.com/improbable-eng/grpc-web"
  packages = ["go/grpcweb"]
  revision = "9cca7d4530683dc49fc10cf627309ce4be119af5"
  version = "0.5.0"

[[projects]]
  name = "github.com/inconshreveable/mousetrap"
  packages = ["."]
  revision = "76626ae9c91c4f2a10f34cad8ce83ea42c93bb75"
  version = "v1.0"

[[projects]]
  name = "github.com/jbenet/go-base58"
  packages = ["."]
  revision = "6237cf65f3a6f7111cd8a42be3590df99a66bc7d"
  version = "1.0.0"

[[projects]]
  branch = "master"
  name = "github.com/jhump/protoreflect"
  packages = [
    "desc",
    "desc/internal",
    "dynamic",
    "dynamic/grpcdynamic",
    "grpcreflect",
    "internal"
  ]
  revision = "188696596f4d1b33a3b350d14b126f665ddd681e"

[[projects]]
  branch = "master"
  name = "github.com/jmespath/go-jmespath"
  packages = ["."]
  revision = "c2b33e8439af944379acbdd9c3a5fe0bc44bd8a5"

[[projects]]
  name = "github.com/magiconair/properties"
  packages = ["."]
  revision = "d419a98cdbed11a922bf76f257b7c4be79b50e73"
  version = "v1.7.4"

[[projects]]
  name = "github.com/matttproud/golang_protobuf_extensions"
  packages = ["pbutil"]
  revision = "3247c84500bff8d9fb6d579d800f20b3e091582c"
  version = "v1.0.0"

[[projects]]
  branch = "master"
  name = "github.com/mitchellh/mapstructure"
  packages = ["."]
  revision = "06020f85339e21b2478f756a78e295255ffa4d6a"

[[projects]]
  branch = "master"
  name = "github.com/mohae/deepcopy"
  packages = ["."]
  revision = "c48cc78d482608239f6c4c92a4abd87eb8761c90"

[[projects]]
  branch = "master"
  name = "github.com/pelletier/go-toml"
  packages = ["."]
  revision = "b8b5e7696574464b2f9bf303a7b37781bb52889f"

[[projects]]
  name = "github.com/pkg/errors"
  packages = ["."]
  revision = "645ef00459ed84a119197bfb8d8205042c6df63d"
  version = "v0.8.0"

[[projects]]
  branch = "master"
  name = "github.com/pkg/term"
  packages = ["termios"]
  revision = "b1f72af2d63057363398bec5873d16a98b453312"

[[projects]]
  name = "github.com/pmezard/go-difflib"
  packages = ["difflib"]
  revision = "792786c7400a136282c1664665ae0a8db921c6c2"
  version = "v1.0.0"

[[projects]]
  name = "github.com/prometheus/client_golang"
  packages = [
    "prometheus",
    "prometheus/promhttp"
  ]
  revision = "c5b7fccd204277076155f10851dad72b76a49317"
  version = "v0.8.0"

[[projects]]
  branch = "master"
  name = "github.com/prometheus/client_model"
  packages = ["go"]
  revision = "99fa1f4be8e564e8a6b613da7fa6f46c9edafc6c"

[[projects]]
  branch = "master"
  name = "github.com/prometheus/common"
  packages = [
    "expfmt",
    "internal/bitbucket.org/ww/goautoneg",
    "model"
  ]
  revision = "2e54d0b93cba2fd133edc32211dcc32c06ef72ca"

[[projects]]
  branch = "master"
  name = "github.com/prometheus/procfs"
  packages = [
    ".",
    "xfs"
  ]
  revision = "f98634e408857669d61064b283c4cde240622865"

[[projects]]
  name = "github.com/rs/cors"
  packages = ["."]
  revision = "feef513b9575b32f84bafa580aad89b011259019"
  version = "v1.3.0"

[[projects]]
  name = "github.com/satori/go.uuid"
  packages = ["."]
  revision = "f58768cc1a7a7e77a3bd49e98cdd21419399b6a3"
  version = "v1.2.0"

[[projects]]
  name = "github.com/sirupsen/logrus"
  packages = ["."]
  revision = "c155da19408a8799da419ed3eeb0cb5db0ad5dbc"
  version = "v1.0.5"

[[projects]]
  name = "github.com/spf13/afero"
  packages = [
    ".",
    "mem"
  ]
  revision = "8d919cbe7e2627e417f3e45c3c0e489a5b7e2536"
  version = "v1.0.0"

[[projects]]
  name = "github.com/spf13/cast"
  packages = ["."]
  revision = "acbeb36b902d72a7a4c18e8f3241075e7ab763e4"
  version = "v1.1.0"

[[projects]]
  name = "github.com/spf13/cobra"
  packages = ["."]
  revision = "7b2c5ac9fc04fc5efafb60700713d4fa609b777b"
  version = "v0.0.1"

[[projects]]
  branch = "master"
  name = "github.com/spf13/jwalterweatherman"
  packages = ["."]
  revision = "12bd96e66386c1960ab0f74ced1362f66f552f7b"

[[projects]]
  name = "github.com/spf13/pflag"
  packages = ["."]
  revision = "e57e3eeb33f795204c1ca35f56c44f83227c6e66"
  version = "v1.0.0"

[[projects]]
  name = "github.com/spf13/viper"
  packages = ["."]
  revision = "25b30aa063fc18e48662b86996252eabdcf2f0c7"
  version = "v1.0.0"

[[projects]]
  branch = "master"
  name = "github.com/stratumn/go-crypto"
  packages = [
    "encoding",
    "keys",
    "signatures"
  ]
  revision = "1a5009b67d6c88d46ff009712da69481d56ddbbe"

[[projects]]
  branch = "master"
  name = "github.com/stratumn/go-indigocore"
  packages = [
    "batchfossilizer",
    "batchfossilizer/evidences",
    "bcbatchfossilizer",
    "bcbatchfossilizer/evidences",
    "blockchain",
    "blockchain/btc",
    "blockchain/btc/blockcypher",
    "blockchain/btc/btctimestamper",
    "blockchain/dummytimestamper",
    "bufferedbatch",
    "cs",
    "cs/cstesting",
    "dummyfossilizer",
    "dummyfossilizer/evidences",
    "dummystore",
    "fossilizer",
    "fossilizer/evidences",
    "monitoring",
    "store",
    "store/storetestcases",
    "testutil",
    "types"
  ]
  revision = "12b9cb05bec9d81ef06ed05d59e55ddbdfad2d99"

[[projects]]
  branch = "master"
  name = "github.com/stratumn/merkle"
  packages = [
    ".",
    "types"
  ]
  revision = "b637554c3514b4b1a4a6de1eeb4ce0c1f2b91c37"

[[projects]]
  name = "github.com/stretchr/testify"
  packages = [
    "assert",
    "require"
  ]
  revision = "b91bfb9ebec76498946beb6af7c0230c7cc7ba6c"
  version = "v1.2.0"

[[projects]]
  branch = "master"
  name = "github.com/syndtr/goleveldb"
  packages = [
    "leveldb",
    "leveldb/cache",
    "leveldb/comparer",
    "leveldb/errors",
    "leveldb/filter",
    "leveldb/iterator",
    "leveldb/journal",
    "leveldb/memdb",
    "leveldb/opt",
    "leveldb/storage",
    "leveldb/table",
    "leveldb/util"
  ]
  revision = "211f780988068502fe874c44dae530528ebd840f"

[[projects]]
  name = "github.com/takama/daemon"
  packages = ["."]
  revision = "f30a97dd1445619884e03e7ed088bc1b3c4f767e"
  version = "0.9.3"

[[projects]]
  branch = "master"
  name = "go.opencensus.io"
  packages = [
    "exporter/jaeger",
    "exporter/jaeger/internal/gen-go/jaeger",
    "exporter/prometheus",
    "internal",
    "internal/tagencoding",
    "stats",
    "stats/internal",
    "stats/view",
    "tag",
    "trace",
    "trace/internal"
  ]
  revision = "5710257e78ab540a7c6f0e203009abea60eb97b7"

[[projects]]
  branch = "master"
  name = "golang.org/x/crypto"
  packages = [
    "ed25519",
    "ed25519/internal/edwards25519",
    "ripemd160",
    "ssh/terminal"
  ]
  revision = "beb2a9779c3b677077c41673505f150149fce895"

[[projects]]
  branch = "master"
  name = "golang.org/x/net"
  packages = [
    "context",
    "http2",
    "http2/hpack",
    "idna",
    "internal/timeseries",
    "lex/httplex",
    "trace"
  ]
  revision = "d866cfc389cec985d6fda2859936a575a55a3ab6"

[[projects]]
  branch = "master"
  name = "golang.org/x/sync"
  packages = ["semaphore"]
  revision = "1d60e4601c6fd243af51cc01ddf169918a5407ca"

[[projects]]
  branch = "master"
  name = "golang.org/x/sys"
  packages = [
    "unix",
    "windows"
  ]
  revision = "571f7bbbe08da2a8955aed9d4db316e78630e9a3"

[[projects]]
  branch = "master"
  name = "golang.org/x/text"
  packages = [
    "collate",
    "collate/build",
    "internal/colltab",
    "internal/gen",
    "internal/tag",
    "internal/triegen",
    "internal/ucd",
    "language",
    "secure/bidirule",
    "transform",
    "unicode/bidi",
    "unicode/cldr",
    "unicode/norm",
    "unicode/rangetable"
  ]
  revision = "eb22672bea55af56d225d4e35405f4d2e9f062a0"

[[projects]]
  branch = "master"
  name = "google.golang.org/api"
  packages = ["support/bundler"]
  revision = "9f7560f3b05bd90f33f9d56a449e5afd4dab15b3"

[[projects]]
  branch = "master"
  name = "google.golang.org/genproto"
  packages = ["googleapis/rpc/status"]
  revision = "a8101f21cf983e773d0c1133ebc5424792003214"

[[projects]]
  name = "google.golang.org/grpc"
  packages = [
    ".",
    "balancer",
    "balancer/roundrobin",
    "codes",
    "connectivity",
    "credentials",
    "encoding",
    "grpclb/grpc_lb_v1/messages",
    "grpclog",
    "internal",
    "keepalive",
    "metadata",
    "naming",
    "peer",
    "reflection",
    "reflection/grpc_reflection_v1alpha",
    "resolver",
    "resolver/dns",
    "resolver/passthrough",
    "stats",
    "status",
    "tap",
    "transport"
  ]
  revision = "e687fa4e6424368ece6e4fe727cea2c806a0fcb4"
  version = "v1.8.2"

[[projects]]
  name = "gopkg.in/fsnotify/fsnotify.v1"
  packages = ["."]
  revision = "c2828203cd70a50dcccfb2761f8b1f8ceef9a8e9"
  version = "v1.4.7"

[[projects]]
  name = "gopkg.in/natefinch/lumberjack.v2"
  packages = ["."]
  revision = "a96e63847dc3c67d17befa69c303767e2f84e54f"
  version = "v2.1"

[[projects]]
  branch = "v1"
  name = "gopkg.in/tomb.v1"
  packages = ["."]
  revision = "dd632973f1e7218eb1089048e0798ec9ae7dceb8"

[[projects]]
  branch = "v2"
  name = "gopkg.in/yaml.v2"
  packages = ["."]
  revision = "287cf08546ab5e7e37d55a84f7ed3fd1db036de5"

[solve-meta]
  analyzer-name = "dep"
  analyzer-version = 1
  inputs-digest = "d52a0c26bab6ef743af16f7aa86791112acfc5aaff189ee1702f66ed89ba732c"
  solver-name = "gps-cdcl"
  solver-version = 1
